{
  "requires": true,
  "lockfileVersion": 1,
  "dependencies": {
    "jest-sonar-reporter": {
      "version": "2.0.0",
      "resolved": "https://registry.npmjs.org/jest-sonar-reporter/-/jest-sonar-reporter-2.0.0.tgz",
      "integrity": "sha512-ZervDCgEX5gdUbdtWsjdipLN3bKJwpxbvhkYNXTAYvAckCihobSLr9OT/IuyNIRT1EZMDDwR6DroWtrq+IL64w==",
      "dev": true,
      "requires": {
        "xml": "1.0.1"
      }
    },
    "xml": {
      "version": "1.0.1",
      "resolved": "https://registry.npmjs.org/xml/-/xml-1.0.1.tgz",
      "integrity": "sha1-eLpyAgApxbyHuKgaPPzXS0ovweU=",
      "dev": true
    }
  }
}
